// !$*UTF8*$!
{
	archiveVersion = 1;
	classes = {
	};
	objectVersion = 46;
	objects = {

/* Begin PBXBuildFile section */
		2E068CAA37886E9A4789258C /* Pods_AmaanChatUITests.framework in Frameworks */ = {isa = PBXBuildFile; fileRef = 1CC116DFD0F5246F64EF2008 /* Pods_AmaanChatUITests.framework */; };
		4A30D621F2B5175C55DFC54B /* Pods_AmaanChatTests.framework in Frameworks */ = {isa = PBXBuildFile; fileRef = BC04157E2B344F4285AF6F14 /* Pods_AmaanChatTests.framework */; };
		D319F3091F1700A30062AE11 /* AppDelegate.swift in Sources */ = {isa = PBXBuildFile; fileRef = D319F3081F1700A30062AE11 /* AppDelegate.swift */; };
		D319F30B1F1700A30062AE11 /* ViewController.swift in Sources */ = {isa = PBXBuildFile; fileRef = D319F30A1F1700A30062AE11 /* ViewController.swift */; };
		D319F30E1F1700A30062AE11 /* Main.storyboard in Resources */ = {isa = PBXBuildFile; fileRef = D319F30C1F1700A30062AE11 /* Main.storyboard */; };
		D319F3111F1700A30062AE11 /* AmaanChat.xcdatamodeld in Sources */ = {isa = PBXBuildFile; fileRef = D319F30F1F1700A30062AE11 /* AmaanChat.xcdatamodeld */; };
		D319F3131F1700A30062AE11 /* Assets.xcassets in Resources */ = {isa = PBXBuildFile; fileRef = D319F3121F1700A30062AE11 /* Assets.xcassets */; };
		D319F3161F1700A30062AE11 /* LaunchScreen.storyboard in Resources */ = {isa = PBXBuildFile; fileRef = D319F3141F1700A30062AE11 /* LaunchScreen.storyboard */; };
		D319F3211F1700A30062AE11 /* AmaanChatTests.swift in Sources */ = {isa = PBXBuildFile; fileRef = D319F3201F1700A30062AE11 /* AmaanChatTests.swift */; };
		D319F32C1F1700A30062AE11 /* AmaanChatUITests.swift in Sources */ = {isa = PBXBuildFile; fileRef = D319F32B1F1700A30062AE11 /* AmaanChatUITests.swift */; };
		D33BABBC1F17B03C0060BDBC /* GoogleService-Info.plist in Resources */ = {isa = PBXBuildFile; fileRef = D33BABBB1F17B03C0060BDBC /* GoogleService-Info.plist */; };
		D7A29FA4AAF2AEAA2BE18DE8 /* Pods_AmaanChat.framework in Frameworks */ = {isa = PBXBuildFile; fileRef = 6014DF85291C07F5C209BD06 /* Pods_AmaanChat.framework */; };
/* End PBXBuildFile section */

/* Begin PBXContainerItemProxy section */
		D319F31D1F1700A30062AE11 /* PBXContainerItemProxy */ = {
			isa = PBXContainerItemProxy;
			containerPortal = D319F2FD1F1700A30062AE11 /* Project object */;
			proxyType = 1;
			remoteGlobalIDString = D319F3041F1700A30062AE11;
			remoteInfo = AmaanChat;
		};
		D319F3281F1700A30062AE11 /* PBXContainerItemProxy */ = {
			isa = PBXContainerItemProxy;
			containerPortal = D319F2FD1F1700A30062AE11 /* Project object */;
			proxyType = 1;
			remoteGlobalIDString = D319F3041F1700A30062AE11;
			remoteInfo = AmaanChat;
		};
/* End PBXContainerItemProxy section */

/* Begin PBXFileReference section */
		1CC116DFD0F5246F64EF2008 /* Pods_AmaanChatUITests.framework */ = {isa = PBXFileReference; explicitFileType = wrapper.framework; includeInIndex = 0; path = Pods_AmaanChatUITests.framework; sourceTree = BUILT_PRODUCTS_DIR; };
		260E1B45A4C3A8551EF2A564 /* Pods-AmaanChat.release.xcconfig */ = {isa = PBXFileReference; includeInIndex = 1; lastKnownFileType = text.xcconfig; name = "Pods-AmaanChat.release.xcconfig"; path = "Pods/Target Support Files/Pods-AmaanChat/Pods-AmaanChat.release.xcconfig"; sourceTree = "<group>"; };
		6014DF85291C07F5C209BD06 /* Pods_AmaanChat.framework */ = {isa = PBXFileReference; explicitFileType = wrapper.framework; includeInIndex = 0; path = Pods_AmaanChat.framework; sourceTree = BUILT_PRODUCTS_DIR; };
		8148C39A231961022F11F108 /* Pods-AmaanChatUITests.debug.xcconfig */ = {isa = PBXFileReference; includeInIndex = 1; lastKnownFileType = text.xcconfig; name = "Pods-AmaanChatUITests.debug.xcconfig"; path = "Pods/Target Support Files/Pods-AmaanChatUITests/Pods-AmaanChatUITests.debug.xcconfig"; sourceTree = "<group>"; };
		94CDA43DD42A52A48B8B8992 /* Pods-AmaanChat.debug.xcconfig */ = {isa = PBXFileReference; includeInIndex = 1; lastKnownFileType = text.xcconfig; name = "Pods-AmaanChat.debug.xcconfig"; path = "Pods/Target Support Files/Pods-AmaanChat/Pods-AmaanChat.debug.xcconfig"; sourceTree = "<group>"; };
		BC04157E2B344F4285AF6F14 /* Pods_AmaanChatTests.framework */ = {isa = PBXFileReference; explicitFileType = wrapper.framework; includeInIndex = 0; path = Pods_AmaanChatTests.framework; sourceTree = BUILT_PRODUCTS_DIR; };
		BF30DE1CC71B0A80702EA485 /* Pods-AmaanChatUITests.release.xcconfig */ = {isa = PBXFileReference; includeInIndex = 1; lastKnownFileType = text.xcconfig; name = "Pods-AmaanChatUITests.release.xcconfig"; path = "Pods/Target Support Files/Pods-AmaanChatUITests/Pods-AmaanChatUITests.release.xcconfig"; sourceTree = "<group>"; };
		CBCF4CC0EC01DFC093D1759C /* Pods-AmaanChatTests.debug.xcconfig */ = {isa = PBXFileReference; includeInIndex = 1; lastKnownFileType = text.xcconfig; name = "Pods-AmaanChatTests.debug.xcconfig"; path = "Pods/Target Support Files/Pods-AmaanChatTests/Pods-AmaanChatTests.debug.xcconfig"; sourceTree = "<group>"; };
		D319F3051F1700A30062AE11 /* AmaanChat.app */ = {isa = PBXFileReference; explicitFileType = wrapper.application; includeInIndex = 0; path = AmaanChat.app; sourceTree = BUILT_PRODUCTS_DIR; };
		D319F3081F1700A30062AE11 /* AppDelegate.swift */ = {isa = PBXFileReference; lastKnownFileType = sourcecode.swift; path = AppDelegate.swift; sourceTree = "<group>"; };
		D319F30A1F1700A30062AE11 /* ViewController.swift */ = {isa = PBXFileReference; lastKnownFileType = sourcecode.swift; path = ViewController.swift; sourceTree = "<group>"; };
		D319F30D1F1700A30062AE11 /* Base */ = {isa = PBXFileReference; lastKnownFileType = file.storyboard; name = Base; path = Base.lproj/Main.storyboard; sourceTree = "<group>"; };
		D319F3101F1700A30062AE11 /* AmaanChat.xcdatamodel */ = {isa = PBXFileReference; lastKnownFileType = wrapper.xcdatamodel; path = AmaanChat.xcdatamodel; sourceTree = "<group>"; };
		D319F3121F1700A30062AE11 /* Assets.xcassets */ = {isa = PBXFileReference; lastKnownFileType = folder.assetcatalog; path = Assets.xcassets; sourceTree = "<group>"; };
		D319F3151F1700A30062AE11 /* Base */ = {isa = PBXFileReference; lastKnownFileType = file.storyboard; name = Base; path = Base.lproj/LaunchScreen.storyboard; sourceTree = "<group>"; };
		D319F3171F1700A30062AE11 /* Info.plist */ = {isa = PBXFileReference; lastKnownFileType = text.plist.xml; path = Info.plist; sourceTree = "<group>"; };
		D319F31C1F1700A30062AE11 /* AmaanChatTests.xctest */ = {isa = PBXFileReference; explicitFileType = wrapper.cfbundle; includeInIndex = 0; path = AmaanChatTests.xctest; sourceTree = BUILT_PRODUCTS_DIR; };
		D319F3201F1700A30062AE11 /* AmaanChatTests.swift */ = {isa = PBXFileReference; lastKnownFileType = sourcecode.swift; path = AmaanChatTests.swift; sourceTree = "<group>"; };
		D319F3221F1700A30062AE11 /* Info.plist */ = {isa = PBXFileReference; lastKnownFileType = text.plist.xml; path = Info.plist; sourceTree = "<group>"; };
		D319F3271F1700A30062AE11 /* AmaanChatUITests.xctest */ = {isa = PBXFileReference; explicitFileType = wrapper.cfbundle; includeInIndex = 0; path = AmaanChatUITests.xctest; sourceTree = BUILT_PRODUCTS_DIR; };
		D319F32B1F1700A30062AE11 /* AmaanChatUITests.swift */ = {isa = PBXFileReference; lastKnownFileType = sourcecode.swift; path = AmaanChatUITests.swift; sourceTree = "<group>"; };
		D319F32D1F1700A30062AE11 /* Info.plist */ = {isa = PBXFileReference; lastKnownFileType = text.plist.xml; path = Info.plist; sourceTree = "<group>"; };
		D33BABBB1F17B03C0060BDBC /* GoogleService-Info.plist */ = {isa = PBXFileReference; fileEncoding = 4; lastKnownFileType = text.plist.xml; name = "GoogleService-Info.plist"; path = "../../../Downloads/GoogleService-Info.plist"; sourceTree = "<group>"; };
		E0D1D924A851816892A2DA73 /* Pods-AmaanChatTests.release.xcconfig */ = {isa = PBXFileReference; includeInIndex = 1; lastKnownFileType = text.xcconfig; name = "Pods-AmaanChatTests.release.xcconfig"; path = "Pods/Target Support Files/Pods-AmaanChatTests/Pods-AmaanChatTests.release.xcconfig"; sourceTree = "<group>"; };
/* End PBXFileReference section */

/* Begin PBXFrameworksBuildPhase section */
		D319F3021F1700A30062AE11 /* Frameworks */ = {
			isa = PBXFrameworksBuildPhase;
			buildActionMask = 2147483647;
			files = (
				D7A29FA4AAF2AEAA2BE18DE8 /* Pods_AmaanChat.framework in Frameworks */,
			);
			runOnlyForDeploymentPostprocessing = 0;
		};
		D319F3191F1700A30062AE11 /* Frameworks */ = {
			isa = PBXFrameworksBuildPhase;
			buildActionMask = 2147483647;
			files = (
				4A30D621F2B5175C55DFC54B /* Pods_AmaanChatTests.framework in Frameworks */,
			);
			runOnlyForDeploymentPostprocessing = 0;
		};
		D319F3241F1700A30062AE11 /* Frameworks */ = {
			isa = PBXFrameworksBuildPhase;
			buildActionMask = 2147483647;
			files = (
				2E068CAA37886E9A4789258C /* Pods_AmaanChatUITests.framework in Frameworks */,
			);
			runOnlyForDeploymentPostprocessing = 0;
		};
/* End PBXFrameworksBuildPhase section */

/* Begin PBXGroup section */
		6A1B47E40770E986BFD53D47 /* Pods */ = {
			isa = PBXGroup;
			children = (
				94CDA43DD42A52A48B8B8992 /* Pods-AmaanChat.debug.xcconfig */,
				260E1B45A4C3A8551EF2A564 /* Pods-AmaanChat.release.xcconfig */,
				CBCF4CC0EC01DFC093D1759C /* Pods-AmaanChatTests.debug.xcconfig */,
				E0D1D924A851816892A2DA73 /* Pods-AmaanChatTests.release.xcconfig */,
				8148C39A231961022F11F108 /* Pods-AmaanChatUITests.debug.xcconfig */,
				BF30DE1CC71B0A80702EA485 /* Pods-AmaanChatUITests.release.xcconfig */,
			);
			name = Pods;
			sourceTree = "<group>";
		};
		8421D92CFE1B9E7A1C699FDE /* Frameworks */ = {
			isa = PBXGroup;
			children = (
				6014DF85291C07F5C209BD06 /* Pods_AmaanChat.framework */,
				BC04157E2B344F4285AF6F14 /* Pods_AmaanChatTests.framework */,
				1CC116DFD0F5246F64EF2008 /* Pods_AmaanChatUITests.framework */,
			);
			name = Frameworks;
			sourceTree = "<group>";
		};
		D319F2FC1F1700A30062AE11 = {
			isa = PBXGroup;
			children = (
				D319F3071F1700A30062AE11 /* AmaanChat */,
				D319F31F1F1700A30062AE11 /* AmaanChatTests */,
				D319F32A1F1700A30062AE11 /* AmaanChatUITests */,
				D319F3061F1700A30062AE11 /* Products */,
				6A1B47E40770E986BFD53D47 /* Pods */,
				8421D92CFE1B9E7A1C699FDE /* Frameworks */,
			);
			sourceTree = "<group>";
		};
		D319F3061F1700A30062AE11 /* Products */ = {
			isa = PBXGroup;
			children = (
				D319F3051F1700A30062AE11 /* AmaanChat.app */,
				D319F31C1F1700A30062AE11 /* AmaanChatTests.xctest */,
				D319F3271F1700A30062AE11 /* AmaanChatUITests.xctest */,
			);
			name = Products;
			sourceTree = "<group>";
		};
		D319F3071F1700A30062AE11 /* AmaanChat */ = {
			isa = PBXGroup;
			children = (
				D319F3081F1700A30062AE11 /* AppDelegate.swift */,
				D319F30A1F1700A30062AE11 /* ViewController.swift */,
				D319F30C1F1700A30062AE11 /* Main.storyboard */,
				D319F3121F1700A30062AE11 /* Assets.xcassets */,
				D319F3141F1700A30062AE11 /* LaunchScreen.storyboard */,
				D319F3171F1700A30062AE11 /* Info.plist */,
				D319F30F1F1700A30062AE11 /* AmaanChat.xcdatamodeld */,
				D33BABBB1F17B03C0060BDBC /* GoogleService-Info.plist */,
			);
			path = AmaanChat;
			sourceTree = "<group>";
		};
		D319F31F1F1700A30062AE11 /* AmaanChatTests */ = {
			isa = PBXGroup;
			children = (
				D319F3201F1700A30062AE11 /* AmaanChatTests.swift */,
				D319F3221F1700A30062AE11 /* Info.plist */,
			);
			path = AmaanChatTests;
			sourceTree = "<group>";
		};
		D319F32A1F1700A30062AE11 /* AmaanChatUITests */ = {
			isa = PBXGroup;
			children = (
				D319F32B1F1700A30062AE11 /* AmaanChatUITests.swift */,
				D319F32D1F1700A30062AE11 /* Info.plist */,
			);
			path = AmaanChatUITests;
			sourceTree = "<group>";
		};
/* End PBXGroup section */

/* Begin PBXNativeTarget section */
		D319F3041F1700A30062AE11 /* AmaanChat */ = {
			isa = PBXNativeTarget;
			buildConfigurationList = D319F3301F1700A30062AE11 /* Build configuration list for PBXNativeTarget "AmaanChat" */;
			buildPhases = (
				BD0E2B6BD1E2B5F8FA6FDB2E /* [CP] Check Pods Manifest.lock */,
				D319F3011F1700A30062AE11 /* Sources */,
				D319F3021F1700A30062AE11 /* Frameworks */,
				D319F3031F1700A30062AE11 /* Resources */,
				36390BE4743760A7D2EC7A35 /* [CP] Embed Pods Frameworks */,
				783D154ECB80EBD669DDB9FA /* [CP] Copy Pods Resources */,
			);
			buildRules = (
			);
			dependencies = (
			);
			name = AmaanChat;
			productName = AmaanChat;
			productReference = D319F3051F1700A30062AE11 /* AmaanChat.app */;
			productType = "com.apple.product-type.application";
		};
		D319F31B1F1700A30062AE11 /* AmaanChatTests */ = {
			isa = PBXNativeTarget;
			buildConfigurationList = D319F3331F1700A30062AE11 /* Build configuration list for PBXNativeTarget "AmaanChatTests" */;
			buildPhases = (
				FA9109A7772C687FA8B6313F /* [CP] Check Pods Manifest.lock */,
				D319F3181F1700A30062AE11 /* Sources */,
				D319F3191F1700A30062AE11 /* Frameworks */,
				D319F31A1F1700A30062AE11 /* Resources */,
				7982242C086BF6730DC3A889 /* [CP] Embed Pods Frameworks */,
				73426F0F44B2DFEAB8594523 /* [CP] Copy Pods Resources */,
			);
			buildRules = (
			);
			dependencies = (
				D319F31E1F1700A30062AE11 /* PBXTargetDependency */,
			);
			name = AmaanChatTests;
			productName = AmaanChatTests;
			productReference = D319F31C1F1700A30062AE11 /* AmaanChatTests.xctest */;
			productType = "com.apple.product-type.bundle.unit-test";
		};
		D319F3261F1700A30062AE11 /* AmaanChatUITests */ = {
			isa = PBXNativeTarget;
			buildConfigurationList = D319F3361F1700A30062AE11 /* Build configuration list for PBXNativeTarget "AmaanChatUITests" */;
			buildPhases = (
				68BEF90AEA6729F6917E245E /* [CP] Check Pods Manifest.lock */,
				D319F3231F1700A30062AE11 /* Sources */,
				D319F3241F1700A30062AE11 /* Frameworks */,
				D319F3251F1700A30062AE11 /* Resources */,
				F8817A1BAA8DAAFC3F7E7166 /* [CP] Embed Pods Frameworks */,
				EFD7D6AD2F8D210205A53A2E /* [CP] Copy Pods Resources */,
			);
			buildRules = (
			);
			dependencies = (
				D319F3291F1700A30062AE11 /* PBXTargetDependency */,
			);
			name = AmaanChatUITests;
			productName = AmaanChatUITests;
			productReference = D319F3271F1700A30062AE11 /* AmaanChatUITests.xctest */;
			productType = "com.apple.product-type.bundle.ui-testing";
		};
/* End PBXNativeTarget section */

/* Begin PBXProject section */
		D319F2FD1F1700A30062AE11 /* Project object */ = {
			isa = PBXProject;
			attributes = {
				LastSwiftUpdateCheck = 0830;
				LastUpgradeCheck = 0830;
				ORGANIZATIONNAME = "Amaan Ali";
				TargetAttributes = {
					D319F3041F1700A30062AE11 = {
						CreatedOnToolsVersion = 8.3.3;
						DevelopmentTeam = YVLUUPZQCB;
						ProvisioningStyle = Automatic;
					};
					D319F31B1F1700A30062AE11 = {
						CreatedOnToolsVersion = 8.3.3;
						DevelopmentTeam = YVLUUPZQCB;
						ProvisioningStyle = Automatic;
						TestTargetID = D319F3041F1700A30062AE11;
					};
					D319F3261F1700A30062AE11 = {
						CreatedOnToolsVersion = 8.3.3;
						DevelopmentTeam = YVLUUPZQCB;
						ProvisioningStyle = Automatic;
						TestTargetID = D319F3041F1700A30062AE11;
					};
				};
			};
			buildConfigurationList = D319F3001F1700A30062AE11 /* Build configuration list for PBXProject "AmaanChat" */;
			compatibilityVersion = "Xcode 3.2";
			developmentRegion = English;
			hasScannedForEncodings = 0;
			knownRegions = (
				en,
				Base,
			);
			mainGroup = D319F2FC1F1700A30062AE11;
			productRefGroup = D319F3061F1700A30062AE11 /* Products */;
			projectDirPath = "";
			projectRoot = "";
			targets = (
				D319F3041F1700A30062AE11 /* AmaanChat */,
				D319F31B1F1700A30062AE11 /* AmaanChatTests */,
				D319F3261F1700A30062AE11 /* AmaanChatUITests */,
			);
		};
/* End PBXProject section */

/* Begin PBXResourcesBuildPhase section */
		D319F3031F1700A30062AE11 /* Resources */ = {
			isa = PBXResourcesBuildPhase;
			buildActionMask = 2147483647;
			files = (
				D319F3161F1700A30062AE11 /* LaunchScreen.storyboard in Resources */,
				D33BABBC1F17B03C0060BDBC /* GoogleService-Info.plist in Resources */,
				D319F3131F1700A30062AE11 /* Assets.xcassets in Resources */,
				D319F30E1F1700A30062AE11 /* Main.storyboard in Resources */,
			);
			runOnlyForDeploymentPostprocessing = 0;
		};
		D319F31A1F1700A30062AE11 /* Resources */ = {
			isa = PBXResourcesBuildPhase;
			buildActionMask = 2147483647;
			files = (
			);
			runOnlyForDeploymentPostprocessing = 0;
		};
		D319F3251F1700A30062AE11 /* Resources */ = {
			isa = PBXResourcesBuildPhase;
			buildActionMask = 2147483647;
			files = (
			);
			runOnlyForDeploymentPostprocessing = 0;
		};
/* End PBXResourcesBuildPhase section */

/* Begin PBXShellScriptBuildPhase section */
		36390BE4743760A7D2EC7A35 /* [CP] Embed Pods Frameworks */ = {
			isa = PBXShellScriptBuildPhase;
			buildActionMask = 2147483647;
			files = (
			);
			inputPaths = (
				"${SRCROOT}/Pods/Target Support Files/Pods-AmaanChat/Pods-AmaanChat-frameworks.sh",
				"${BUILT_PRODUCTS_DIR}/GoogleToolboxForMac/GoogleToolboxForMac.framework",
			);
			name = "[CP] Embed Pods Frameworks";
			outputPaths = (
				"${TARGET_BUILD_DIR}/${FRAMEWORKS_FOLDER_PATH}/GoogleToolboxForMac.framework",
			);
			runOnlyForDeploymentPostprocessing = 0;
			shellPath = /bin/sh;
			shellScript = "\"${SRCROOT}/Pods/Target Support Files/Pods-AmaanChat/Pods-AmaanChat-frameworks.sh\"\n";
			showEnvVarsInLog = 0;
		};
		68BEF90AEA6729F6917E245E /* [CP] Check Pods Manifest.lock */ = {
			isa = PBXShellScriptBuildPhase;
			buildActionMask = 2147483647;
			files = (
			);
			inputPaths = (
				"${PODS_PODFILE_DIR_PATH}/Podfile.lock",
				"${PODS_ROOT}/Manifest.lock",
			);
			name = "[CP] Check Pods Manifest.lock";
			outputPaths = (
				"$(DERIVED_FILE_DIR)/Pods-AmaanChatUITests-checkManifestLockResult.txt",
			);
			runOnlyForDeploymentPostprocessing = 0;
			shellPath = /bin/sh;
			shellScript = "diff \"${PODS_PODFILE_DIR_PATH}/Podfile.lock\" \"${PODS_ROOT}/Manifest.lock\" > /dev/null\nif [ $? != 0 ] ; then\n    # print error to STDERR\n    echo \"error: The sandbox is not in sync with the Podfile.lock. Run 'pod install' or update your CocoaPods installation.\" >&2\n    exit 1\nfi\n# This output is used by Xcode 'outputs' to avoid re-running this script phase.\necho \"SUCCESS\" > \"${SCRIPT_OUTPUT_FILE_0}\"\n";
			showEnvVarsInLog = 0;
		};
		73426F0F44B2DFEAB8594523 /* [CP] Copy Pods Resources */ = {
			isa = PBXShellScriptBuildPhase;
			buildActionMask = 2147483647;
			files = (
			);
			inputPaths = (
			);
			name = "[CP] Copy Pods Resources";
			outputPaths = (
			);
			runOnlyForDeploymentPostprocessing = 0;
			shellPath = /bin/sh;
			shellScript = "\"${SRCROOT}/Pods/Target Support Files/Pods-AmaanChatTests/Pods-AmaanChatTests-resources.sh\"\n";
			showEnvVarsInLog = 0;
		};
		783D154ECB80EBD669DDB9FA /* [CP] Copy Pods Resources */ = {
			isa = PBXShellScriptBuildPhase;
			buildActionMask = 2147483647;
			files = (
			);
			inputPaths = (
			);
			name = "[CP] Copy Pods Resources";
			outputPaths = (
			);
			runOnlyForDeploymentPostprocessing = 0;
			shellPath = /bin/sh;
			shellScript = "\"${SRCROOT}/Pods/Target Support Files/Pods-AmaanChat/Pods-AmaanChat-resources.sh\"\n";
			showEnvVarsInLog = 0;
		};
		7982242C086BF6730DC3A889 /* [CP] Embed Pods Frameworks */ = {
			isa = PBXShellScriptBuildPhase;
			buildActionMask = 2147483647;
			files = (
			);
			inputPaths = (
			);
			name = "[CP] Embed Pods Frameworks";
			outputPaths = (
			);
			runOnlyForDeploymentPostprocessing = 0;
			shellPath = /bin/sh;
			shellScript = "\"${SRCROOT}/Pods/Target Support Files/Pods-AmaanChatTests/Pods-AmaanChatTests-frameworks.sh\"\n";
			showEnvVarsInLog = 0;
		};
		BD0E2B6BD1E2B5F8FA6FDB2E /* [CP] Check Pods Manifest.lock */ = {
			isa = PBXShellScriptBuildPhase;
			buildActionMask = 2147483647;
			files = (
			);
			inputPaths = (
				"${PODS_PODFILE_DIR_PATH}/Podfile.lock",
				"${PODS_ROOT}/Manifest.lock",
			);
			name = "[CP] Check Pods Manifest.lock";
			outputPaths = (
				"$(DERIVED_FILE_DIR)/Pods-AmaanChat-checkManifestLockResult.txt",
			);
			runOnlyForDeploymentPostprocessing = 0;
			shellPath = /bin/sh;
			shellScript = "diff \"${PODS_PODFILE_DIR_PATH}/Podfile.lock\" \"${PODS_ROOT}/Manifest.lock\" > /dev/null\nif [ $? != 0 ] ; then\n    # print error to STDERR\n    echo \"error: The sandbox is not in sync with the Podfile.lock. Run 'pod install' or update your CocoaPods installation.\" >&2\n    exit 1\nfi\n# This output is used by Xcode 'outputs' to avoid re-running this script phase.\necho \"SUCCESS\" > \"${SCRIPT_OUTPUT_FILE_0}\"\n";
			showEnvVarsInLog = 0;
		};
		EFD7D6AD2F8D210205A53A2E /* [CP] Copy Pods Resources */ = {
			isa = PBXShellScriptBuildPhase;
			buildActionMask = 2147483647;
			files = (
			);
			inputPaths = (
			);
			name = "[CP] Copy Pods Resources";
			outputPaths = (
			);
			runOnlyForDeploymentPostprocessing = 0;
			shellPath = /bin/sh;
			shellScript = "\"${SRCROOT}/Pods/Target Support Files/Pods-AmaanChatUITests/Pods-AmaanChatUITests-resources.sh\"\n";
			showEnvVarsInLog = 0;
		};
		F8817A1BAA8DAAFC3F7E7166 /* [CP] Embed Pods Frameworks */ = {
			isa = PBXShellScriptBuildPhase;
			buildActionMask = 2147483647;
			files = (
			);
			inputPaths = (
			);
			name = "[CP] Embed Pods Frameworks";
			outputPaths = (
			);
			runOnlyForDeploymentPostprocessing = 0;
			shellPath = /bin/sh;
			shellScript = "\"${SRCROOT}/Pods/Target Support Files/Pods-AmaanChatUITests/Pods-AmaanChatUITests-frameworks.sh\"\n";
			showEnvVarsInLog = 0;
		};
		FA9109A7772C687FA8B6313F /* [CP] Check Pods Manifest.lock */ = {
			isa = PBXShellScriptBuildPhase;
			buildActionMask = 2147483647;
			files = (
			);
			inputPaths = (
				"${PODS_PODFILE_DIR_PATH}/Podfile.lock",
				"${PODS_ROOT}/Manifest.lock",
			);
			name = "[CP] Check Pods Manifest.lock";
			outputPaths = (
				"$(DERIVED_FILE_DIR)/Pods-AmaanChatTests-checkManifestLockResult.txt",
			);
			runOnlyForDeploymentPostprocessing = 0;
			shellPath = /bin/sh;
			shellScript = "diff \"${PODS_PODFILE_DIR_PATH}/Podfile.lock\" \"${PODS_ROOT}/Manifest.lock\" > /dev/null\nif [ $? != 0 ] ; then\n    # print error to STDERR\n    echo \"error: The sandbox is not in sync with the Podfile.lock. Run 'pod install' or update your CocoaPods installation.\" >&2\n    exit 1\nfi\n# This output is used by Xcode 'outputs' to avoid re-running this script phase.\necho \"SUCCESS\" > \"${SCRIPT_OUTPUT_FILE_0}\"\n";
			showEnvVarsInLog = 0;
		};
/* End PBXShellScriptBuildPhase section */

/* Begin PBXSourcesBuildPhase section */
		D319F3011F1700A30062AE11 /* Sources */ = {
			isa = PBXSourcesBuildPhase;
			buildActionMask = 2147483647;
			files = (
				D319F30B1F1700A30062AE11 /* ViewController.swift in Sources */,
				D319F3091F1700A30062AE11 /* AppDelegate.swift in Sources */,
				D319F3111F1700A30062AE11 /* AmaanChat.xcdatamodeld in Sources */,
			);
			runOnlyForDeploymentPostprocessing = 0;
		};
		D319F3181F1700A30062AE11 /* Sources */ = {
			isa = PBXSourcesBuildPhase;
			buildActionMask = 2147483647;
			files = (
				D319F3211F1700A30062AE11 /* AmaanChatTests.swift in Sources */,
			);
			runOnlyForDeploymentPostprocessing = 0;
		};
		D319F3231F1700A30062AE11 /* Sources */ = {
			isa = PBXSourcesBuildPhase;
			buildActionMask = 2147483647;
			files = (
				D319F32C1F1700A30062AE11 /* AmaanChatUITests.swift in Sources */,
			);
			runOnlyForDeploymentPostprocessing = 0;
		};
/* End PBXSourcesBuildPhase section */

/* Begin PBXTargetDependency section */
		D319F31E1F1700A30062AE11 /* PBXTargetDependency */ = {
			isa = PBXTargetDependency;
			target = D319F3041F1700A30062AE11 /* AmaanChat */;
			targetProxy = D319F31D1F1700A30062AE11 /* PBXContainerItemProxy */;
		};
		D319F3291F1700A30062AE11 /* PBXTargetDependency */ = {
			isa = PBXTargetDependency;
			target = D319F3041F1700A30062AE11 /* AmaanChat */;
			targetProxy = D319F3281F1700A30062AE11 /* PBXContainerItemProxy */;
		};
/* End PBXTargetDependency section */

/* Begin PBXVariantGroup section */
		D319F30C1F1700A30062AE11 /* Main.storyboard */ = {
			isa = PBXVariantGroup;
			children = (
				D319F30D1F1700A30062AE11 /* Base */,
			);
			name = Main.storyboard;
			sourceTree = "<group>";
		};
		D319F3141F1700A30062AE11 /* LaunchScreen.storyboard */ = {
			isa = PBXVariantGroup;
			children = (
				D319F3151F1700A30062AE11 /* Base */,
			);
			name = LaunchScreen.storyboard;
			sourceTree = "<group>";
		};
/* End PBXVariantGroup section */

/* Begin XCBuildConfiguration section */
		D319F32E1F1700A30062AE11 /* Debug */ = {
			isa = XCBuildConfiguration;
			buildSettings = {
				ALWAYS_SEARCH_USER_PATHS = NO;
				CLANG_ANALYZER_NONNULL = YES;
				CLANG_ANALYZER_NUMBER_OBJECT_CONVERSION = YES_AGGRESSIVE;
				CLANG_CXX_LANGUAGE_STANDARD = "gnu++0x";
				CLANG_CXX_LIBRARY = "libc++";
				CLANG_ENABLE_MODULES = YES;
				CLANG_ENABLE_OBJC_ARC = YES;
				CLANG_WARN_BOOL_CONVERSION = YES;
				CLANG_WARN_CONSTANT_CONVERSION = YES;
				CLANG_WARN_DIRECT_OBJC_ISA_USAGE = YES_ERROR;
				CLANG_WARN_DOCUMENTATION_COMMENTS = YES;
				CLANG_WARN_EMPTY_BODY = YES;
				CLANG_WARN_ENUM_CONVERSION = YES;
				CLANG_WARN_INFINITE_RECURSION = YES;
				CLANG_WARN_INT_CONVERSION = YES;
				CLANG_WARN_OBJC_ROOT_CLASS = YES_ERROR;
				CLANG_WARN_SUSPICIOUS_MOVE = YES;
				CLANG_WARN_UNREACHABLE_CODE = YES;
				CLANG_WARN__DUPLICATE_METHOD_MATCH = YES;
				"CODE_SIGN_IDENTITY[sdk=iphoneos*]" = "iPhone Developer";
				COPY_PHASE_STRIP = NO;
				DEBUG_INFORMATION_FORMAT = dwarf;
				ENABLE_STRICT_OBJC_MSGSEND = YES;
				ENABLE_TESTABILITY = YES;
				GCC_C_LANGUAGE_STANDARD = gnu99;
				GCC_DYNAMIC_NO_PIC = NO;
				GCC_NO_COMMON_BLOCKS = YES;
				GCC_OPTIMIZATION_LEVEL = 0;
				GCC_PREPROCESSOR_DEFINITIONS = (
					"DEBUG=1",
					"$(inherited)",
				);
				GCC_WARN_64_TO_32_BIT_CONVERSION = YES;
				GCC_WARN_ABOUT_RETURN_TYPE = YES_ERROR;
				GCC_WARN_UNDECLARED_SELECTOR = YES;
				GCC_WARN_UNINITIALIZED_AUTOS = YES_AGGRESSIVE;
				GCC_WARN_UNUSED_FUNCTION = YES;
				GCC_WARN_UNUSED_VARIABLE = YES;
				IPHONEOS_DEPLOYMENT_TARGET = 10.3;
				MTL_ENABLE_DEBUG_INFO = YES;
				ONLY_ACTIVE_ARCH = YES;
				SDKROOT = iphoneos;
				SWIFT_ACTIVE_COMPILATION_CONDITIONS = DEBUG;
				SWIFT_OPTIMIZATION_LEVEL = "-Onone";
			};
			name = Debug;
		};
		D319F32F1F1700A30062AE11 /* Release */ = {
			isa = XCBuildConfiguration;
			buildSettings = {
				ALWAYS_SEARCH_USER_PATHS = NO;
				CLANG_ANALYZER_NONNULL = YES;
				CLANG_ANALYZER_NUMBER_OBJECT_CONVERSION = YES_AGGRESSIVE;
				CLANG_CXX_LANGUAGE_STANDARD = "gnu++0x";
				CLANG_CXX_LIBRARY = "libc++";
				CLANG_ENABLE_MODULES = YES;
				CLANG_ENABLE_OBJC_ARC = YES;
				CLANG_WARN_BOOL_CONVERSION = YES;
				CLANG_WARN_CONSTANT_CONVERSION = YES;
				CLANG_WARN_DIRECT_OBJC_ISA_USAGE = YES_ERROR;
				CLANG_WARN_DOCUMENTATION_COMMENTS = YES;
				CLANG_WARN_EMPTY_BODY = YES;
				CLANG_WARN_ENUM_CONVERSION = YES;
				CLANG_WARN_INFINITE_RECURSION = YES;
				CLANG_WARN_INT_CONVERSION = YES;
				CLANG_WARN_OBJC_ROOT_CLASS = YES_ERROR;
				CLANG_WARN_SUSPICIOUS_MOVE = YES;
				CLANG_WARN_UNREACHABLE_CODE = YES;
				CLANG_WARN__DUPLICATE_METHOD_MATCH = YES;
				"CODE_SIGN_IDENTITY[sdk=iphoneos*]" = "iPhone Developer";
				COPY_PHASE_STRIP = NO;
				DEBUG_INFORMATION_FORMAT = "dwarf-with-dsym";
				ENABLE_NS_ASSERTIONS = NO;
				ENABLE_STRICT_OBJC_MSGSEND = YES;
				GCC_C_LANGUAGE_STANDARD = gnu99;
				GCC_NO_COMMON_BLOCKS = YES;
				GCC_WARN_64_TO_32_BIT_CONVERSION = YES;
				GCC_WARN_ABOUT_RETURN_TYPE = YES_ERROR;
				GCC_WARN_UNDECLARED_SELECTOR = YES;
				GCC_WARN_UNINITIALIZED_AUTOS = YES_AGGRESSIVE;
				GCC_WARN_UNUSED_FUNCTION = YES;
				GCC_WARN_UNUSED_VARIABLE = YES;
				IPHONEOS_DEPLOYMENT_TARGET = 10.3;
				MTL_ENABLE_DEBUG_INFO = NO;
				SDKROOT = iphoneos;
				SWIFT_OPTIMIZATION_LEVEL = "-Owholemodule";
				VALIDATE_PRODUCT = YES;
			};
			name = Release;
		};
		D319F3311F1700A30062AE11 /* Debug */ = {
			isa = XCBuildConfiguration;
			baseConfigurationReference = 94CDA43DD42A52A48B8B8992 /* Pods-AmaanChat.debug.xcconfig */;
			buildSettings = {
				ASSETCATALOG_COMPILER_APPICON_NAME = AppIcon;
				DEVELOPMENT_TEAM = YVLUUPZQCB;
				INFOPLIST_FILE = AmaanChat/Info.plist;
				LD_RUNPATH_SEARCH_PATHS = "$(inherited) @executable_path/Frameworks";
				PRODUCT_BUNDLE_IDENTIFIER = com.AmaanChat;
				PRODUCT_NAME = "$(TARGET_NAME)";
				SWIFT_VERSION = 3.0;
			};
			name = Debug;
		};
		D319F3321F1700A30062AE11 /* Release */ = {
			isa = XCBuildConfiguration;
			baseConfigurationReference = 260E1B45A4C3A8551EF2A564 /* Pods-AmaanChat.release.xcconfig */;
			buildSettings = {
				ASSETCATALOG_COMPILER_APPICON_NAME = AppIcon;
				DEVELOPMENT_TEAM = YVLUUPZQCB;
				INFOPLIST_FILE = AmaanChat/Info.plist;
				LD_RUNPATH_SEARCH_PATHS = "$(inherited) @executable_path/Frameworks";
				PRODUCT_BUNDLE_IDENTIFIER = com.AmaanChat;
				PRODUCT_NAME = "$(TARGET_NAME)";
				SWIFT_VERSION = 3.0;
			};
			name = Release;
		};
		D319F3341F1700A30062AE11 /* Debug */ = {
			isa = XCBuildConfiguration;
			baseConfigurationReference = CBCF4CC0EC01DFC093D1759C /* Pods-AmaanChatTests.debug.xcconfig */;
			buildSettings = {
				ALWAYS_EMBED_SWIFT_STANDARD_LIBRARIES = YES;
				BUNDLE_LOADER = "$(TEST_HOST)";
				DEVELOPMENT_TEAM = YVLUUPZQCB;
				INFOPLIST_FILE = AmaanChatTests/Info.plist;
				LD_RUNPATH_SEARCH_PATHS = "$(inherited) @executable_path/Frameworks @loader_path/Frameworks";
				PRODUCT_BUNDLE_IDENTIFIER = com.AmaanChatTests;
				PRODUCT_NAME = "$(TARGET_NAME)";
				SWIFT_VERSION = 3.0;
				TEST_HOST = "$(BUILT_PRODUCTS_DIR)/AmaanChat.app/AmaanChat";
			};
			name = Debug;
		};
		D319F3351F1700A30062AE11 /* Release */ = {
			isa = XCBuildConfiguration;
			baseConfigurationReference = E0D1D924A851816892A2DA73 /* Pods-AmaanChatTests.release.xcconfig */;
			buildSettings = {
				ALWAYS_EMBED_SWIFT_STANDARD_LIBRARIES = YES;
				BUNDLE_LOADER = "$(TEST_HOST)";
				DEVELOPMENT_TEAM = YVLUUPZQCB;
				INFOPLIST_FILE = AmaanChatTests/Info.plist;
				LD_RUNPATH_SEARCH_PATHS = "$(inherited) @executable_path/Frameworks @loader_path/Frameworks";
				PRODUCT_BUNDLE_IDENTIFIER = com.AmaanChatTests;
				PRODUCT_NAME = "$(TARGET_NAME)";
				SWIFT_VERSION = 3.0;
				TEST_HOST = "$(BUILT_PRODUCTS_DIR)/AmaanChat.app/AmaanChat";
			};
			name = Release;
		};
		D319F3371F1700A30062AE11 /* Debug */ = {
			isa = XCBuildConfiguration;
			baseConfigurationReference = 8148C39A231961022F11F108 /* Pods-AmaanChatUITests.debug.xcconfig */;
			buildSettings = {
				ALWAYS_EMBED_SWIFT_STANDARD_LIBRARIES = YES;
				DEVELOPMENT_TEAM = YVLUUPZQCB;
				INFOPLIST_FILE = AmaanChatUITests/Info.plist;
				LD_RUNPATH_SEARCH_PATHS = "$(inherited) @executable_path/Frameworks @loader_path/Frameworks";
				PRODUCT_BUNDLE_IDENTIFIER = com.AmaanChatUITests;
				PRODUCT_NAME = "$(TARGET_NAME)";
				SWIFT_VERSION = 3.0;
				TEST_TARGET_NAME = AmaanChat;
			};
			name = Debug;
		};
		D319F3381F1700A30062AE11 /* Release */ = {
			isa = XCBuildConfiguration;
			baseConfigurationReference = BF30DE1CC71B0A80702EA485 /* Pods-AmaanChatUITests.release.xcconfig */;
			buildSettings = {
				ALWAYS_EMBED_SWIFT_STANDARD_LIBRARIES = YES;
				DEVELOPMENT_TEAM = YVLUUPZQCB;
				INFOPLIST_FILE = AmaanChatUITests/Info.plist;
				LD_RUNPATH_SEARCH_PATHS = "$(inherited) @executable_path/Frameworks @loader_path/Frameworks";
				PRODUCT_BUNDLE_IDENTIFIER = com.AmaanChatUITests;
				PRODUCT_NAME = "$(TARGET_NAME)";
				SWIFT_VERSION = 3.0;
				TEST_TARGET_NAME = AmaanChat;
			};
			name = Release;
		};
/* End XCBuildConfiguration section */

/* Begin XCConfigurationList section */
		D319F3001F1700A30062AE11 /* Build configuration list for PBXProject "AmaanChat" */ = {
			isa = XCConfigurationList;
			buildConfigurations = (
				D319F32E1F1700A30062AE11 /* Debug */,
				D319F32F1F1700A30062AE11 /* Release */,
			);
			defaultConfigurationIsVisible = 0;
			defaultConfigurationName = Release;
		};
		D319F3301F1700A30062AE11 /* Build configuration list for PBXNativeTarget "AmaanChat" */ = {
			isa = XCConfigurationList;
			buildConfigurations = (
				D319F3311F1700A30062AE11 /* Debug */,
				D319F3321F1700A30062AE11 /* Release */,
			);
			defaultConfigurationIsVisible = 0;
			defaultConfigurationName = Release;
		};
		D319F3331F1700A30062AE11 /* Build configuration list for PBXNativeTarget "AmaanChatTests" */ = {
			isa = XCConfigurationList;
			buildConfigurations = (
				D319F3341F1700A30062AE11 /* Debug */,
				D319F3351F1700A30062AE11 /* Release */,
			);
			defaultConfigurationIsVisible = 0;
			defaultConfigurationName = Release;
		};
		D319F3361F1700A30062AE11 /* Build configuration list for PBXNativeTarget "AmaanChatUITests" */ = {
			isa = XCConfigurationList;
			buildConfigurations = (
				D319F3371F1700A30062AE11 /* Debug */,
				D319F3381F1700A30062AE11 /* Release */,
			);
			defaultConfigurationIsVisible = 0;
			defaultConfigurationName = Release;
		};
/* End XCConfigurationList section */

/* Begin XCVersionGroup section */
		D319F30F1F1700A30062AE11 /* AmaanChat.xcdatamodeld */ = {
			isa = XCVersionGroup;
			children = (
				D319F3101F1700A30062AE11 /* AmaanChat.xcdatamodel */,
			);
			currentVersion = D319F3101F1700A30062AE11 /* AmaanChat.xcdatamodel */;
			path = AmaanChat.xcdatamodeld;
			sourceTree = "<group>";
			versionGroupType = wrapper.xcdatamodel;
		};
/* End XCVersionGroup section */
	};
	rootObject = D319F2FD1F1700A30062AE11 /* Project object */;
}
